<?xml version="1.0" encoding="utf-8"?>
<Project ToolsVersion="14.0" xmlns="http://schemas.microsoft.com/developer/msbuild/2003">
  <ItemGroup>
    <CustomBuild Include="D:\self\opencv\project\CMakeFiles\bf3a8aac2fcc948877680a33f4836803\pyopencv_generated_include.h.rule">
      <Filter>CMake Rules</Filter>
    </CustomBuild>
    <CustomBuild Include="D:\self\opencv\project\CMakeFiles\e63b22d1e98cd66bb448045b34147a80\gen_opencv_python_source.rule">
      <Filter>CMake Rules</Filter>
    </CustomBuild>
    <CustomBuild Include="D:\self\opencv\modules\python\bindings\CMakeLists.txt" />
  </ItemGroup>
  <ItemGroup>
    <None Include="D:\self\opencv\project\modules\python_bindings_generator\CMakeFiles\gen_opencv_python_source" />
  </ItemGroup>
  <ItemGroup>
    <Filter Include="CMake Rules">
      <UniqueIdentifier>{17D08393-58B0-34B0-B0CD-814BBC19EE15}</UniqueIdentifier>
    </Filter>
  </ItemGroup>
</Project>
