Microsoft Visual Studio Solution File, Format Version 12.00
# Visual Studio 14
Project("{2150E333-8FDC-42A3-9474-1A3956D46DE8}") = "CMakeTargets", "CMakeTargets", "{06F8DF39-8CED-3BB1-9173-8AE109C84703}"
EndProject
Project("{8BC9CEB8-8B4A-11D0-8D11-00A0C91BC942}") = "ALL_BUILD", "ALL_BUILD.vcxproj", "{E9C9DF00-DA6C-3A3E-B152-313054A964F5}"
	ProjectSection(ProjectDependencies) = postProject
		{493E77B7-2B59-3125-813D-F1DEAF72CD6C} = {493E77B7-2B59-3125-813D-F1DEAF72CD6C}
	EndProjectSection
EndProject
Project("{8BC9CEB8-8B4A-11D0-8D11-00A0C91BC942}") = "INSTALL", "INSTALL.vcxproj", "{C37C6E84-CCC3-308E-ADD3-C620F9A3C369}"
	ProjectSection(ProjectDependencies) = postProject
		{E9C9DF00-DA6C-3A3E-B152-313054A964F5} = {E9C9DF00-DA6C-3A3E-B152-313054A964F5}
		{493E77B7-2B59-3125-813D-F1DEAF72CD6C} = {493E77B7-2B59-3125-813D-F1DEAF72CD6C}
	EndProjectSection
EndProject
Project("{8BC9CEB8-8B4A-11D0-8D11-00A0C91BC942}") = "PACKAGE", "PACKAGE.vcxproj", "{AE1A8A3C-2DA3-341B-907A-CD3E463D617A}"
	ProjectSection(ProjectDependencies) = postProject
		{E9C9DF00-DA6C-3A3E-B152-313054A964F5} = {E9C9DF00-DA6C-3A3E-B152-313054A964F5}
		{493E77B7-2B59-3125-813D-F1DEAF72CD6C} = {493E77B7-2B59-3125-813D-F1DEAF72CD6C}
	EndProjectSection
EndProject
Project("{8BC9CEB8-8B4A-11D0-8D11-00A0C91BC942}") = "RUN_TESTS", "RUN_TESTS.vcxproj", "{B118DF9D-AE85-3A35-9F72-A0D69890B625}"
	ProjectSection(ProjectDependencies) = postProject
		{493E77B7-2B59-3125-813D-F1DEAF72CD6C} = {493E77B7-2B59-3125-813D-F1DEAF72CD6C}
	EndProjectSection
EndProject
Project("{8BC9CEB8-8B4A-11D0-8D11-00A0C91BC942}") = "ZERO_CHECK", "..\..\\ZERO_CHECK.vcxproj", "{493E77B7-2B59-3125-813D-F1DEAF72CD6C}"
	ProjectSection(ProjectDependencies) = postProject
	EndProjectSection
EndProject
Project("{8BC9CEB8-8B4A-11D0-8D11-00A0C91BC942}") = "gen_opencv_python_source", "gen_opencv_python_source.vcxproj", "{904B56DE-7E48-367C-A395-7A998B6B69E3}"
	ProjectSection(ProjectDependencies) = postProject
		{493E77B7-2B59-3125-813D-F1DEAF72CD6C} = {493E77B7-2B59-3125-813D-F1DEAF72CD6C}
	EndProjectSection
EndProject
Global
	GlobalSection(SolutionConfigurationPlatforms) = preSolution
		Debug|x64 = Debug|x64
		Release|x64 = Release|x64
	EndGlobalSection
	GlobalSection(ProjectConfigurationPlatforms) = postSolution
		{E9C9DF00-DA6C-3A3E-B152-313054A964F5}.Debug|x64.ActiveCfg = Debug|x64
		{E9C9DF00-DA6C-3A3E-B152-313054A964F5}.Debug|x64.Build.0 = Debug|x64
		{E9C9DF00-DA6C-3A3E-B152-313054A964F5}.Release|x64.ActiveCfg = Release|x64
		{E9C9DF00-DA6C-3A3E-B152-313054A964F5}.Release|x64.Build.0 = Release|x64
		{C37C6E84-CCC3-308E-ADD3-C620F9A3C369}.Debug|x64.ActiveCfg = Debug|x64
		{C37C6E84-CCC3-308E-ADD3-C620F9A3C369}.Release|x64.ActiveCfg = Release|x64
		{AE1A8A3C-2DA3-341B-907A-CD3E463D617A}.Debug|x64.ActiveCfg = Debug|x64
		{AE1A8A3C-2DA3-341B-907A-CD3E463D617A}.Release|x64.ActiveCfg = Release|x64
		{B118DF9D-AE85-3A35-9F72-A0D69890B625}.Debug|x64.ActiveCfg = Debug|x64
		{B118DF9D-AE85-3A35-9F72-A0D69890B625}.Release|x64.ActiveCfg = Release|x64
		{493E77B7-2B59-3125-813D-F1DEAF72CD6C}.Debug|x64.ActiveCfg = Debug|x64
		{493E77B7-2B59-3125-813D-F1DEAF72CD6C}.Debug|x64.Build.0 = Debug|x64
		{493E77B7-2B59-3125-813D-F1DEAF72CD6C}.Release|x64.ActiveCfg = Release|x64
		{493E77B7-2B59-3125-813D-F1DEAF72CD6C}.Release|x64.Build.0 = Release|x64
		{904B56DE-7E48-367C-A395-7A998B6B69E3}.Debug|x64.ActiveCfg = Debug|x64
		{904B56DE-7E48-367C-A395-7A998B6B69E3}.Release|x64.ActiveCfg = Release|x64
	EndGlobalSection
	GlobalSection(NestedProjects) = preSolution
		{E9C9DF00-DA6C-3A3E-B152-313054A964F5} = {06F8DF39-8CED-3BB1-9173-8AE109C84703}
		{C37C6E84-CCC3-308E-ADD3-C620F9A3C369} = {06F8DF39-8CED-3BB1-9173-8AE109C84703}
		{AE1A8A3C-2DA3-341B-907A-CD3E463D617A} = {06F8DF39-8CED-3BB1-9173-8AE109C84703}
		{B118DF9D-AE85-3A35-9F72-A0D69890B625} = {06F8DF39-8CED-3BB1-9173-8AE109C84703}
		{493E77B7-2B59-3125-813D-F1DEAF72CD6C} = {06F8DF39-8CED-3BB1-9173-8AE109C84703}
	EndGlobalSection
	GlobalSection(ExtensibilityGlobals) = postSolution
		SolutionGuid = {61B05039-37FA-368A-A10E-FEEEF78A356F}
	EndGlobalSection
	GlobalSection(ExtensibilityAddIns) = postSolution
	EndGlobalSection
EndGlobal
