<?xml version="1.0" encoding="utf-8"?>
<Project ToolsVersion="14.0" xmlns="http://schemas.microsoft.com/developer/msbuild/2003">
  <ItemGroup>
    <ClCompile Include="D:\self\opencv\apps\createsamples\createsamples.cpp">
      <Filter>Source Files</Filter>
    </ClCompile>
    <ClCompile Include="D:\self\opencv\apps\createsamples\utility.cpp">
      <Filter>Source Files</Filter>
    </ClCompile>
  </ItemGroup>
  <ItemGroup>
    <ClInclude Include="D:\self\opencv\apps\createsamples\utility.hpp">
      <Filter>Header Files</Filter>
    </ClInclude>
  </ItemGroup>
  <ItemGroup>
    <CustomBuild Include="D:\self\opencv\apps\createsamples\CMakeLists.txt" />
  </ItemGroup>
  <ItemGroup>
    <Filter Include="Header Files">
      <UniqueIdentifier>{331CEE0D-9AAB-3F09-9F85-67703A9C69F5}</UniqueIdentifier>
    </Filter>
    <Filter Include="Source Files">
      <UniqueIdentifier>{693B12D1-8D7C-3D2D-8270-1D3D6658A182}</UniqueIdentifier>
    </Filter>
  </ItemGroup>
</Project>
