<?xml version="1.0" encoding="utf-8"?>
<Project ToolsVersion="14.0" xmlns="http://schemas.microsoft.com/developer/msbuild/2003">
  <ItemGroup>
    <ClCompile Include="D:\self\opencv\modules\core\test\test_intrin.fp16.cpp">
      <Filter>opencv_core\Src</Filter>
    </ClCompile>
  </ItemGroup>
  <ItemGroup>
    <CustomBuild Include="D:\self\opencv\modules\world\CMakeLists.txt" />
  </ItemGroup>
  <ItemGroup>
    <Filter Include="opencv_core">
      <UniqueIdentifier>{7C0D79A7-03EA-3E54-8E83-579ABD3968EC}</UniqueIdentifier>
    </Filter>
    <Filter Include="opencv_core\Src">
      <UniqueIdentifier>{A50E0113-0A7D-3EF0-94D8-496D57056C13}</UniqueIdentifier>
    </Filter>
  </ItemGroup>
</Project>
