<?xml version="1.0" encoding="utf-8"?>
<Project ToolsVersion="14.0" xmlns="http://schemas.microsoft.com/developer/msbuild/2003">
  <ItemGroup>
    <ClCompile Include="D:\self\opencv\modules\shape\test\test_main.cpp">
      <Filter>opencv_shape\Src</Filter>
    </ClCompile>
    <ClCompile Include="D:\self\opencv\modules\shape\test\test_shape.cpp">
      <Filter>opencv_shape\Src</Filter>
    </ClCompile>
  </ItemGroup>
  <ItemGroup>
    <ClInclude Include="D:\self\opencv\modules\shape\test\test_precomp.hpp">
      <Filter>opencv_shape\Include</Filter>
    </ClInclude>
  </ItemGroup>
  <ItemGroup>
    <Filter Include="opencv_shape">
      <UniqueIdentifier>{78E1415E-1231-3056-ADE1-A57BFF6DBFF4}</UniqueIdentifier>
    </Filter>
    <Filter Include="opencv_shape\Include">
      <UniqueIdentifier>{7F1DA90C-C884-3DAE-8DDB-97D2035C25E5}</UniqueIdentifier>
    </Filter>
    <Filter Include="opencv_shape\Src">
      <UniqueIdentifier>{1CA591BB-0CCD-397F-844F-F7333845DCAB}</UniqueIdentifier>
    </Filter>
  </ItemGroup>
</Project>
