<?xml version="1.0" encoding="utf-8"?>
<Project ToolsVersion="14.0" xmlns="http://schemas.microsoft.com/developer/msbuild/2003">
  <ItemGroup>
    <ClCompile Include="D:\self\opencv\modules\superres\perf\perf_main.cpp">
      <Filter>opencv_superres\Src</Filter>
    </ClCompile>
    <ClCompile Include="D:\self\opencv\modules\superres\perf\perf_superres.cpp">
      <Filter>opencv_superres\Src</Filter>
    </ClCompile>
  </ItemGroup>
  <ItemGroup>
    <ClInclude Include="D:\self\opencv\modules\superres\perf\perf_precomp.hpp">
      <Filter>opencv_superres\Include</Filter>
    </ClInclude>
  </ItemGroup>
  <ItemGroup>
    <Filter Include="opencv_superres">
      <UniqueIdentifier>{E030A0FA-68ED-3706-A774-5E1AE5130BA5}</UniqueIdentifier>
    </Filter>
    <Filter Include="opencv_superres\Include">
      <UniqueIdentifier>{3E621EF4-DED3-341D-BEFF-2560E7588BC1}</UniqueIdentifier>
    </Filter>
    <Filter Include="opencv_superres\Src">
      <UniqueIdentifier>{4FB6E77E-9636-3335-9248-A9F11330829C}</UniqueIdentifier>
    </Filter>
  </ItemGroup>
</Project>
