<?xml version="1.0" encoding="utf-8"?>
<Project ToolsVersion="14.0" xmlns="http://schemas.microsoft.com/developer/msbuild/2003">
  <ItemGroup>
    <ClCompile Include="D:\self\opencv\modules\ml\test\test_emknearestkmeans.cpp">
      <Filter>opencv_ml\Src</Filter>
    </ClCompile>
    <ClCompile Include="D:\self\opencv\modules\ml\test\test_gbttest.cpp">
      <Filter>opencv_ml\Src</Filter>
    </ClCompile>
    <ClCompile Include="D:\self\opencv\modules\ml\test\test_lr.cpp">
      <Filter>opencv_ml\Src</Filter>
    </ClCompile>
    <ClCompile Include="D:\self\opencv\modules\ml\test\test_main.cpp">
      <Filter>opencv_ml\Src</Filter>
    </ClCompile>
    <ClCompile Include="D:\self\opencv\modules\ml\test\test_mltests.cpp">
      <Filter>opencv_ml\Src</Filter>
    </ClCompile>
    <ClCompile Include="D:\self\opencv\modules\ml\test\test_mltests2.cpp">
      <Filter>opencv_ml\Src</Filter>
    </ClCompile>
    <ClCompile Include="D:\self\opencv\modules\ml\test\test_save_load.cpp">
      <Filter>opencv_ml\Src</Filter>
    </ClCompile>
    <ClCompile Include="D:\self\opencv\modules\ml\test\test_svmsgd.cpp">
      <Filter>opencv_ml\Src</Filter>
    </ClCompile>
    <ClCompile Include="D:\self\opencv\modules\ml\test\test_svmtrainauto.cpp">
      <Filter>opencv_ml\Src</Filter>
    </ClCompile>
  </ItemGroup>
  <ItemGroup>
    <ClInclude Include="D:\self\opencv\modules\ml\test\test_precomp.hpp">
      <Filter>opencv_ml\Include</Filter>
    </ClInclude>
  </ItemGroup>
  <ItemGroup>
    <Filter Include="opencv_ml">
      <UniqueIdentifier>{AF58525E-9EFF-3B86-A46A-C1AFD92BE449}</UniqueIdentifier>
    </Filter>
    <Filter Include="opencv_ml\Include">
      <UniqueIdentifier>{92FE3CAF-3045-343F-92A1-BB2BD86EFEB2}</UniqueIdentifier>
    </Filter>
    <Filter Include="opencv_ml\Src">
      <UniqueIdentifier>{FEFB85BA-55E8-3701-8BF4-1044EB1130FF}</UniqueIdentifier>
    </Filter>
  </ItemGroup>
</Project>
