<?xml version="1.0" encoding="utf-8"?>
<Project ToolsVersion="14.0" xmlns="http://schemas.microsoft.com/developer/msbuild/2003">
  <ItemGroup>
    <ClCompile Include="D:\self\opencv\modules\stitching\perf\opencl\perf_stitch.cpp">
      <Filter>opencv_stitching\Src\opencl</Filter>
    </ClCompile>
    <ClCompile Include="D:\self\opencv\modules\stitching\perf\opencl\perf_warpers.cpp">
      <Filter>opencv_stitching\Src\opencl</Filter>
    </ClCompile>
    <ClCompile Include="D:\self\opencv\modules\stitching\perf\perf_estimators.cpp">
      <Filter>opencv_stitching\Src</Filter>
    </ClCompile>
    <ClCompile Include="D:\self\opencv\modules\stitching\perf\perf_main.cpp">
      <Filter>opencv_stitching\Src</Filter>
    </ClCompile>
    <ClCompile Include="D:\self\opencv\modules\stitching\perf\perf_matchers.cpp">
      <Filter>opencv_stitching\Src</Filter>
    </ClCompile>
    <ClCompile Include="D:\self\opencv\modules\stitching\perf\perf_stich.cpp">
      <Filter>opencv_stitching\Src</Filter>
    </ClCompile>
  </ItemGroup>
  <ItemGroup>
    <ClInclude Include="D:\self\opencv\modules\stitching\perf\perf_precomp.hpp">
      <Filter>opencv_stitching\Include</Filter>
    </ClInclude>
  </ItemGroup>
  <ItemGroup>
    <Filter Include="opencv_stitching">
      <UniqueIdentifier>{AD73B2FB-0C14-3D56-B55B-3243A8C8DA37}</UniqueIdentifier>
    </Filter>
    <Filter Include="opencv_stitching\Include">
      <UniqueIdentifier>{2B777965-4D68-375B-998B-E17D907850F5}</UniqueIdentifier>
    </Filter>
    <Filter Include="opencv_stitching\Src">
      <UniqueIdentifier>{48D80005-CC09-3F57-98DB-D691D49E301C}</UniqueIdentifier>
    </Filter>
    <Filter Include="opencv_stitching\Src\opencl">
      <UniqueIdentifier>{49A52FE2-D1A4-3FE5-A838-F46E3DDAF84C}</UniqueIdentifier>
    </Filter>
  </ItemGroup>
</Project>
