<?xml version="1.0" encoding="utf-8"?>
<Project ToolsVersion="14.0" xmlns="http://schemas.microsoft.com/developer/msbuild/2003">
  <ItemGroup>
    <ClCompile Include="D:\self\opencv\modules\highgui\test\test_gui.cpp">
      <Filter>opencv_highgui\Src</Filter>
    </ClCompile>
    <ClCompile Include="D:\self\opencv\modules\highgui\test\test_main.cpp">
      <Filter>opencv_highgui\Src</Filter>
    </ClCompile>
  </ItemGroup>
  <ItemGroup>
    <ClInclude Include="D:\self\opencv\modules\highgui\test\test_precomp.hpp">
      <Filter>opencv_highgui\Include</Filter>
    </ClInclude>
  </ItemGroup>
  <ItemGroup>
    <Filter Include="opencv_highgui">
      <UniqueIdentifier>{340B6956-26B1-328A-ABB3-6114FA3009A4}</UniqueIdentifier>
    </Filter>
    <Filter Include="opencv_highgui\Include">
      <UniqueIdentifier>{28F309E9-6BF0-38BA-98DD-4B3E32513B20}</UniqueIdentifier>
    </Filter>
    <Filter Include="opencv_highgui\Src">
      <UniqueIdentifier>{8ADAECA3-7F6E-3C02-90C3-7795E4323A24}</UniqueIdentifier>
    </Filter>
  </ItemGroup>
</Project>
