<?xml version="1.0" encoding="utf-8"?>
<Project ToolsVersion="14.0" xmlns="http://schemas.microsoft.com/developer/msbuild/2003">
  <ItemGroup>
    <ClCompile Include="D:\self\opencv\modules\core\test\ocl\test_arithm.cpp">
      <Filter>opencv_core\Src\ocl</Filter>
    </ClCompile>
    <ClCompile Include="D:\self\opencv\modules\core\test\ocl\test_channels.cpp">
      <Filter>opencv_core\Src\ocl</Filter>
    </ClCompile>
    <ClCompile Include="D:\self\opencv\modules\core\test\ocl\test_dft.cpp">
      <Filter>opencv_core\Src\ocl</Filter>
    </ClCompile>
    <ClCompile Include="D:\self\opencv\modules\core\test\ocl\test_gemm.cpp">
      <Filter>opencv_core\Src\ocl</Filter>
    </ClCompile>
    <ClCompile Include="D:\self\opencv\modules\core\test\ocl\test_image2d.cpp">
      <Filter>opencv_core\Src\ocl</Filter>
    </ClCompile>
    <ClCompile Include="D:\self\opencv\modules\core\test\ocl\test_matrix_expr.cpp">
      <Filter>opencv_core\Src\ocl</Filter>
    </ClCompile>
    <ClCompile Include="D:\self\opencv\modules\core\test\ocl\test_matrix_operation.cpp">
      <Filter>opencv_core\Src\ocl</Filter>
    </ClCompile>
    <ClCompile Include="D:\self\opencv\modules\core\test\ocl\test_opencl.cpp">
      <Filter>opencv_core\Src\ocl</Filter>
    </ClCompile>
    <ClCompile Include="D:\self\opencv\modules\core\test\test_arithm.cpp">
      <Filter>opencv_core\Src</Filter>
    </ClCompile>
    <ClCompile Include="D:\self\opencv\modules\core\test\test_concatenation.cpp">
      <Filter>opencv_core\Src</Filter>
    </ClCompile>
    <ClCompile Include="D:\self\opencv\modules\core\test\test_conjugate_gradient.cpp">
      <Filter>opencv_core\Src</Filter>
    </ClCompile>
    <ClCompile Include="D:\self\opencv\modules\core\test\test_countnonzero.cpp">
      <Filter>opencv_core\Src</Filter>
    </ClCompile>
    <ClCompile Include="D:\self\opencv\modules\core\test\test_downhill_simplex.cpp">
      <Filter>opencv_core\Src</Filter>
    </ClCompile>
    <ClCompile Include="D:\self\opencv\modules\core\test\test_ds.cpp">
      <Filter>opencv_core\Src</Filter>
    </ClCompile>
    <ClCompile Include="D:\self\opencv\modules\core\test\test_dxt.cpp">
      <Filter>opencv_core\Src</Filter>
    </ClCompile>
    <ClCompile Include="D:\self\opencv\modules\core\test\test_eigen.cpp">
      <Filter>opencv_core\Src</Filter>
    </ClCompile>
    <ClCompile Include="D:\self\opencv\modules\core\test\test_hal_core.cpp">
      <Filter>opencv_core\Src</Filter>
    </ClCompile>
    <ClCompile Include="D:\self\opencv\modules\core\test\test_intrin.cpp">
      <Filter>opencv_core\Src</Filter>
    </ClCompile>
    <ClCompile Include="D:\self\opencv\modules\core\test\test_io.cpp">
      <Filter>opencv_core\Src</Filter>
    </ClCompile>
    <ClCompile Include="D:\self\opencv\modules\core\test\test_ippasync.cpp">
      <Filter>opencv_core\Src</Filter>
    </ClCompile>
    <ClCompile Include="D:\self\opencv\modules\core\test\test_lpsolver.cpp">
      <Filter>opencv_core\Src</Filter>
    </ClCompile>
    <ClCompile Include="D:\self\opencv\modules\core\test\test_main.cpp">
      <Filter>opencv_core\Src</Filter>
    </ClCompile>
    <ClCompile Include="D:\self\opencv\modules\core\test\test_mat.cpp">
      <Filter>opencv_core\Src</Filter>
    </ClCompile>
    <ClCompile Include="D:\self\opencv\modules\core\test\test_math.cpp">
      <Filter>opencv_core\Src</Filter>
    </ClCompile>
    <ClCompile Include="D:\self\opencv\modules\core\test\test_misc.cpp">
      <Filter>opencv_core\Src</Filter>
    </ClCompile>
    <ClCompile Include="D:\self\opencv\modules\core\test\test_operations.cpp">
      <Filter>opencv_core\Src</Filter>
    </ClCompile>
    <ClCompile Include="D:\self\opencv\modules\core\test\test_ptr.cpp">
      <Filter>opencv_core\Src</Filter>
    </ClCompile>
    <ClCompile Include="D:\self\opencv\modules\core\test\test_rand.cpp">
      <Filter>opencv_core\Src</Filter>
    </ClCompile>
    <ClCompile Include="D:\self\opencv\modules\core\test\test_rotatedrect.cpp">
      <Filter>opencv_core\Src</Filter>
    </ClCompile>
    <ClCompile Include="D:\self\opencv\modules\core\test\test_umat.cpp">
      <Filter>opencv_core\Src</Filter>
    </ClCompile>
    <ClCompile Include="D:\self\opencv\modules\core\test\test_utils.cpp">
      <Filter>opencv_core\Src</Filter>
    </ClCompile>
  </ItemGroup>
  <ItemGroup>
    <ClInclude Include="D:\self\opencv\modules\core\test\test_intrin_utils.hpp">
      <Filter>opencv_core\Include</Filter>
    </ClInclude>
    <ClInclude Include="D:\self\opencv\modules\core\test\test_precomp.hpp">
      <Filter>opencv_core\Include</Filter>
    </ClInclude>
  </ItemGroup>
  <ItemGroup>
    <Object Include="D:\self\opencv\project\modules\world\opencv_test_core_FP16.dir\$(Configuration)\test_intrin.fp16.obj">
      <Filter>Object Libraries</Filter>
    </Object>
  </ItemGroup>
  <ItemGroup>
    <Filter Include="Object Libraries">
      <UniqueIdentifier>{C8CCFBF7-57A9-382A-9910-32E466ABBDFC}</UniqueIdentifier>
    </Filter>
    <Filter Include="opencv_core">
      <UniqueIdentifier>{7C0D79A7-03EA-3E54-8E83-579ABD3968EC}</UniqueIdentifier>
    </Filter>
    <Filter Include="opencv_core\Include">
      <UniqueIdentifier>{346DE23E-7E4A-3A0F-83ED-9E68388CB0E2}</UniqueIdentifier>
    </Filter>
    <Filter Include="opencv_core\Src">
      <UniqueIdentifier>{A50E0113-0A7D-3EF0-94D8-496D57056C13}</UniqueIdentifier>
    </Filter>
    <Filter Include="opencv_core\Src\ocl">
      <UniqueIdentifier>{2688E0E6-54DB-3726-B481-15616C096EDF}</UniqueIdentifier>
    </Filter>
  </ItemGroup>
</Project>
