<?xml version="1.0" encoding="utf-8"?>
<Project ToolsVersion="14.0" xmlns="http://schemas.microsoft.com/developer/msbuild/2003">
  <ItemGroup>
    <ClCompile Include="D:\self\opencv\modules\videostab\test\test_main.cpp">
      <Filter>opencv_videostab\Src</Filter>
    </ClCompile>
    <ClCompile Include="D:\self\opencv\modules\videostab\test\test_motion_estimation.cpp">
      <Filter>opencv_videostab\Src</Filter>
    </ClCompile>
  </ItemGroup>
  <ItemGroup>
    <ClInclude Include="D:\self\opencv\modules\videostab\test\test_precomp.hpp">
      <Filter>opencv_videostab\Include</Filter>
    </ClInclude>
  </ItemGroup>
  <ItemGroup>
    <Filter Include="opencv_videostab">
      <UniqueIdentifier>{A74F4B6F-D1FD-3BAA-AB8B-983E921D1C40}</UniqueIdentifier>
    </Filter>
    <Filter Include="opencv_videostab\Include">
      <UniqueIdentifier>{22EFF632-BD9F-394B-A234-1A7D4ECD418D}</UniqueIdentifier>
    </Filter>
    <Filter Include="opencv_videostab\Src">
      <UniqueIdentifier>{02418C12-2419-333A-BD37-618371D99ED3}</UniqueIdentifier>
    </Filter>
  </ItemGroup>
</Project>
