<?xml version="1.0" encoding="utf-8"?>
<Project ToolsVersion="14.0" xmlns="http://schemas.microsoft.com/developer/msbuild/2003">
  <ItemGroup>
    <ClCompile Include="D:\self\opencv\modules\video\test\ocl\test_bgfg_mog2.cpp">
      <Filter>opencv_video\Src\ocl</Filter>
    </ClCompile>
    <ClCompile Include="D:\self\opencv\modules\video\test\ocl\test_optflow_farneback.cpp">
      <Filter>opencv_video\Src\ocl</Filter>
    </ClCompile>
    <ClCompile Include="D:\self\opencv\modules\video\test\ocl\test_optflow_tvl1flow.cpp">
      <Filter>opencv_video\Src\ocl</Filter>
    </ClCompile>
    <ClCompile Include="D:\self\opencv\modules\video\test\ocl\test_optflowpyrlk.cpp">
      <Filter>opencv_video\Src\ocl</Filter>
    </ClCompile>
    <ClCompile Include="D:\self\opencv\modules\video\test\test_accum.cpp">
      <Filter>opencv_video\Src</Filter>
    </ClCompile>
    <ClCompile Include="D:\self\opencv\modules\video\test\test_camshift.cpp">
      <Filter>opencv_video\Src</Filter>
    </ClCompile>
    <ClCompile Include="D:\self\opencv\modules\video\test\test_ecc.cpp">
      <Filter>opencv_video\Src</Filter>
    </ClCompile>
    <ClCompile Include="D:\self\opencv\modules\video\test\test_estimaterigid.cpp">
      <Filter>opencv_video\Src</Filter>
    </ClCompile>
    <ClCompile Include="D:\self\opencv\modules\video\test\test_kalman.cpp">
      <Filter>opencv_video\Src</Filter>
    </ClCompile>
    <ClCompile Include="D:\self\opencv\modules\video\test\test_main.cpp">
      <Filter>opencv_video\Src</Filter>
    </ClCompile>
    <ClCompile Include="D:\self\opencv\modules\video\test\test_optflowpyrlk.cpp">
      <Filter>opencv_video\Src</Filter>
    </ClCompile>
    <ClCompile Include="D:\self\opencv\modules\video\test\test_tvl1optflow.cpp">
      <Filter>opencv_video\Src</Filter>
    </ClCompile>
  </ItemGroup>
  <ItemGroup>
    <ClInclude Include="D:\self\opencv\modules\video\test\test_precomp.hpp">
      <Filter>opencv_video\Include</Filter>
    </ClInclude>
  </ItemGroup>
  <ItemGroup>
    <Filter Include="opencv_video">
      <UniqueIdentifier>{2FED316A-849D-3851-B6F3-A2195FBF67F1}</UniqueIdentifier>
    </Filter>
    <Filter Include="opencv_video\Include">
      <UniqueIdentifier>{BF9A5E32-2FAB-3224-94EF-9CE565D6D009}</UniqueIdentifier>
    </Filter>
    <Filter Include="opencv_video\Src">
      <UniqueIdentifier>{D467BFD0-D94C-3639-8FDE-672A075CE377}</UniqueIdentifier>
    </Filter>
    <Filter Include="opencv_video\Src\ocl">
      <UniqueIdentifier>{D06E9600-3526-310A-A47D-34849A931B31}</UniqueIdentifier>
    </Filter>
  </ItemGroup>
</Project>
