<?xml version="1.0" encoding="utf-8"?>
<Project ToolsVersion="14.0" xmlns="http://schemas.microsoft.com/developer/msbuild/2003">
  <ItemGroup>
    <ClCompile Include="D:\self\opencv\project\modules\world\mathfuncs_core.avx.cpp">
      <Filter>Source Files</Filter>
    </ClCompile>
    <ClCompile Include="D:\self\opencv\modules\imgproc\src\corner.avx.cpp">
      <Filter>opencv_imgproc\Src</Filter>
    </ClCompile>
    <ClCompile Include="D:\self\opencv\project\modules\world\accum.avx.cpp">
      <Filter>Source Files</Filter>
    </ClCompile>
    <ClCompile Include="D:\self\opencv\modules\objdetect\src\haar.avx.cpp">
      <Filter>opencv_objdetect\Src</Filter>
    </ClCompile>
    <ClCompile Include="D:\self\opencv\project\modules\world\layers\layers_common.avx.cpp">
      <Filter>Source Files</Filter>
    </ClCompile>
  </ItemGroup>
  <ItemGroup>
    <CustomBuild Include="D:\self\opencv\modules\world\CMakeLists.txt" />
  </ItemGroup>
  <ItemGroup>
    <Filter Include="Source Files">
      <UniqueIdentifier>{693B12D1-8D7C-3D2D-8270-1D3D6658A182}</UniqueIdentifier>
    </Filter>
    <Filter Include="opencv_imgproc">
      <UniqueIdentifier>{58C72BED-DC25-3B7E-A3AE-BF961CF63AEB}</UniqueIdentifier>
    </Filter>
    <Filter Include="opencv_imgproc\Src">
      <UniqueIdentifier>{EC9F7449-A156-3445-910C-BB516B52298E}</UniqueIdentifier>
    </Filter>
    <Filter Include="opencv_objdetect">
      <UniqueIdentifier>{478A21C3-A94C-3569-A80E-58E5FB64799C}</UniqueIdentifier>
    </Filter>
    <Filter Include="opencv_objdetect\Src">
      <UniqueIdentifier>{5851DB91-645D-32D9-B6AA-3275F8078B40}</UniqueIdentifier>
    </Filter>
  </ItemGroup>
</Project>
