<?xml version="1.0" encoding="utf-8"?>
<Project ToolsVersion="14.0" xmlns="http://schemas.microsoft.com/developer/msbuild/2003">
  <ItemGroup>
    <ClCompile Include="D:\self\opencv\modules\core\src\convert.avx2.cpp">
      <Filter>opencv_core\Src</Filter>
    </ClCompile>
    <ClCompile Include="D:\self\opencv\project\modules\world\mathfuncs_core.avx2.cpp">
      <Filter>Source Files</Filter>
    </ClCompile>
    <ClCompile Include="D:\self\opencv\project\modules\world\stat.avx2.cpp">
      <Filter>Source Files</Filter>
    </ClCompile>
    <ClCompile Include="D:\self\opencv\modules\imgproc\src\filter.avx2.cpp">
      <Filter>opencv_imgproc\Src</Filter>
    </ClCompile>
    <ClCompile Include="D:\self\opencv\modules\imgproc\src\imgwarp.avx2.cpp">
      <Filter>opencv_imgproc\Src</Filter>
    </ClCompile>
    <ClCompile Include="D:\self\opencv\modules\imgproc\src\resize.avx2.cpp">
      <Filter>opencv_imgproc\Src</Filter>
    </ClCompile>
    <ClCompile Include="D:\self\opencv\modules\imgproc\src\undistort.avx2.cpp">
      <Filter>opencv_imgproc\Src</Filter>
    </ClCompile>
    <ClCompile Include="D:\self\opencv\project\modules\world\layers\layers_common.avx2.cpp">
      <Filter>Source Files</Filter>
    </ClCompile>
    <ClCompile Include="D:\self\opencv\modules\features2d\src\fast.avx2.cpp">
      <Filter>opencv_features2d\Src</Filter>
    </ClCompile>
  </ItemGroup>
  <ItemGroup>
    <CustomBuild Include="D:\self\opencv\modules\world\CMakeLists.txt" />
  </ItemGroup>
  <ItemGroup>
    <Filter Include="Source Files">
      <UniqueIdentifier>{693B12D1-8D7C-3D2D-8270-1D3D6658A182}</UniqueIdentifier>
    </Filter>
    <Filter Include="opencv_core">
      <UniqueIdentifier>{7C0D79A7-03EA-3E54-8E83-579ABD3968EC}</UniqueIdentifier>
    </Filter>
    <Filter Include="opencv_core\Src">
      <UniqueIdentifier>{A50E0113-0A7D-3EF0-94D8-496D57056C13}</UniqueIdentifier>
    </Filter>
    <Filter Include="opencv_features2d">
      <UniqueIdentifier>{ED523576-2E30-33C8-AD1A-6FE3C37C4584}</UniqueIdentifier>
    </Filter>
    <Filter Include="opencv_features2d\Src">
      <UniqueIdentifier>{20DFB861-B3A6-331B-9785-7A3741D7361F}</UniqueIdentifier>
    </Filter>
    <Filter Include="opencv_imgproc">
      <UniqueIdentifier>{58C72BED-DC25-3B7E-A3AE-BF961CF63AEB}</UniqueIdentifier>
    </Filter>
    <Filter Include="opencv_imgproc\Src">
      <UniqueIdentifier>{EC9F7449-A156-3445-910C-BB516B52298E}</UniqueIdentifier>
    </Filter>
  </ItemGroup>
</Project>
